
Microsoft Visual Studio Solution File, Format Version 12.00
# Visual Studio Version 17
VisualStudioVersion = 17.10.35004.147
MinimumVisualStudioVersion = 10.0.40219.1
Project("{FAE04EC0-301F-11D3-BF4B-00C04F79EFBC}") = "Oshima.Core", "Oshima.Core.csproj", "{A58A3424-D503-498B-A66D-599D7C3AA662}"
EndProject
Global
	GlobalSection(SolutionConfigurationPlatforms) = preSolution
		Debug|Any CPU = Debug|Any CPU
		Release|Any CPU = Release|Any CPU
	EndGlobalSection
	GlobalSection(ProjectConfigurationPlatforms) = postSolution
		{A58A3424-D503-498B-A66D-599D7C3AA662}.Debug|Any CPU.ActiveCfg = Debug|Any CPU
		{A58A3424-D503-498B-A66D-599D7C3AA662}.Debug|Any CPU.Build.0 = Debug|Any CPU
		{A58A3424-D503-498B-A66D-599D7C3AA662}.Release|Any CPU.ActiveCfg = Release|Any CPU
		{A58A3424-D503-498B-A66D-599D7C3AA662}.Release|Any CPU.Build.0 = Release|Any CPU
	EndGlobalSection
	GlobalSection(SolutionProperties) = preSolution
		HideSolutionNode = FALSE
	EndGlobalSection
	GlobalSection(ExtensibilityGlobals) = postSolution
		SolutionGuid = {7364471A-E46A-4D25-9B8E-F9C39395A4DB}
	EndGlobalSection
EndGlobal
