
Microsoft Visual Studio Solution File, Format Version 12.00
# Visual Studio Version 17
VisualStudioVersion = 17.10.35004.147
MinimumVisualStudioVersion = 10.0.40219.1
Project("{9A19103F-16F7-4668-BE54-9A1E7A4F7556}") = "Oshima.Core", "src\Oshima.Core.csproj", "{A58A3424-D503-498B-A66D-599D7C3AA662}"
	ProjectSection(ProjectDependencies) = postProject
		{EA99A8A0-B559-4931-B077-31D0291AF311} = {EA99A8A0-B559-4931-B077-31D0291AF311}
	EndProjectSection
EndProject
Project("{9A19103F-16F7-4668-BE54-9A1E7A4F7556}") = "FunGame.Core", "..\FunGame.Core\FunGame.Core.csproj", "{92CD7A19-ECA2-4162-84C8-6788F4DBEDF1}"
EndProject
Project("{9A19103F-16F7-4668-BE54-9A1E7A4F7556}") = "OshimaModules", "..\OshimaGameModule\OshimaModules\OshimaModules.csproj", "{EA99A8A0-B559-4931-B077-31D0291AF311}"
EndProject
Global
	GlobalSection(SolutionConfigurationPlatforms) = preSolution
		Debug|Any CPU = Debug|Any CPU
		Release|Any CPU = Release|Any CPU
	EndGlobalSection
	GlobalSection(ProjectConfigurationPlatforms) = postSolution
		{A58A3424-D503-498B-A66D-599D7C3AA662}.Debug|Any CPU.ActiveCfg = Debug|Any CPU
		{A58A3424-D503-498B-A66D-599D7C3AA662}.Debug|Any CPU.Build.0 = Debug|Any CPU
		{A58A3424-D503-498B-A66D-599D7C3AA662}.Release|Any CPU.ActiveCfg = Release|Any CPU
		{A58A3424-D503-498B-A66D-599D7C3AA662}.Release|Any CPU.Build.0 = Release|Any CPU
		{92CD7A19-ECA2-4162-84C8-6788F4DBEDF1}.Debug|Any CPU.ActiveCfg = Debug|Any CPU
		{92CD7A19-ECA2-4162-84C8-6788F4DBEDF1}.Debug|Any CPU.Build.0 = Debug|Any CPU
		{92CD7A19-ECA2-4162-84C8-6788F4DBEDF1}.Release|Any CPU.ActiveCfg = Release|Any CPU
		{92CD7A19-ECA2-4162-84C8-6788F4DBEDF1}.Release|Any CPU.Build.0 = Release|Any CPU
		{EA99A8A0-B559-4931-B077-31D0291AF311}.Debug|Any CPU.ActiveCfg = Debug|Any CPU
		{EA99A8A0-B559-4931-B077-31D0291AF311}.Debug|Any CPU.Build.0 = Debug|Any CPU
		{EA99A8A0-B559-4931-B077-31D0291AF311}.Release|Any CPU.ActiveCfg = Release|Any CPU
		{EA99A8A0-B559-4931-B077-31D0291AF311}.Release|Any CPU.Build.0 = Release|Any CPU
	EndGlobalSection
	GlobalSection(SolutionProperties) = preSolution
		HideSolutionNode = FALSE
	EndGlobalSection
	GlobalSection(ExtensibilityGlobals) = postSolution
		SolutionGuid = {7364471A-E46A-4D25-9B8E-F9C39395A4DB}
	EndGlobalSection
EndGlobal
